Microsoft Visual Studio Solution File, Format Version 12.00
# Visual Studio Version 17
VisualStudioVersion = 17.5.2.0
MinimumVisualStudioVersion = 10.0.40219.1
Project("{FAE04EC0-301F-11D3-BF4B-00C04F79EFBC}") = "sayHello", "sayHello\sayHello.csproj", "{AA57C4D2-51FE-E9BF-CAD1-06723E551CF8}"
EndProject
Global
	GlobalSection(SolutionConfigurationPlatforms) = preSolution
		Debug|Any CPU = Debug|Any CPU
		Release|Any CPU = Release|Any CPU
	EndGlobalSection
	GlobalSection(ProjectConfigurationPlatforms) = postSolution
		{AA57C4D2-51FE-E9BF-CAD1-06723E551CF8}.Debug|Any CPU.ActiveCfg = Debug|Any CPU
		{AA57C4D2-51FE-E9BF-CAD1-06723E551CF8}.Debug|Any CPU.Build.0 = Debug|Any CPU
		{AA57C4D2-51FE-E9BF-CAD1-06723E551CF8}.Release|Any CPU.ActiveCfg = Release|Any CPU
		{AA57C4D2-51FE-E9BF-CAD1-06723E551CF8}.Release|Any CPU.Build.0 = Release|Any CPU
	EndGlobalSection
	GlobalSection(SolutionProperties) = preSolution
		HideSolutionNode = FALSE
	EndGlobalSection
	GlobalSection(ExtensibilityGlobals) = postSolution
		SolutionGuid = {6D4FA368-2396-4FA8-BF2B-F1862BE12D1A}
	EndGlobalSection
EndGlobal
